// !$*UTF8*$!
{
	archiveVersion = 1;
	classes = {
	};
	objectVersion = 46;
	objects = {

/* Begin PBXBuildFile section */
		698676FB14869F1A00B1B6AF /* Cocoa.framework in Frameworks */ = {isa = PBXBuildFile; fileRef = 698676FA14869F1A00B1B6AF /* Cocoa.framework */; };
		698676FD14869F1A00B1B6AF /* MacRuby.framework in Frameworks */ = {isa = PBXBuildFile; fileRef = 698676FC14869F1A00B1B6AF /* MacRuby.framework */; };
		6986770414869F1A00B1B6AF /* InfoPlist.strings in Resources */ = {isa = PBXBuildFile; fileRef = 6986770214869F1A00B1B6AF /* InfoPlist.strings */; };
		6986770614869F1A00B1B6AF /* main.m in Sources */ = {isa = PBXBuildFile; fileRef = 6986770514869F1A00B1B6AF /* main.m */; };
		6986770B14869F1A00B1B6AF /* MainMenu.xib in Resources */ = {isa = PBXBuildFile; fileRef = 6986770914869F1A00B1B6AF /* MainMenu.xib */; };
		6986770E14869F1A00B1B6AF /* rb_main.rb in Resources */ = {isa = PBXBuildFile; fileRef = 6986770D14869F1A00B1B6AF /* rb_main.rb */; };
		6986771014869F1A00B1B6AF /* AppDelegate.rb in Resources */ = {isa = PBXBuildFile; fileRef = 6986770F14869F1A00B1B6AF /* AppDelegate.rb */; };
		6986771A14869F9B00B1B6AF /* WindowController.rb in Resources */ = {isa = PBXBuildFile; fileRef = 6986771914869F9B00B1B6AF /* WindowController.rb */; };
/* End PBXBuildFile section */

/* Begin PBXFileReference section */
		698676F614869F1A00B1B6AF /* maid.app */ = {isa = PBXFileReference; explicitFileType = wrapper.application; includeInIndex = 0; path = maid.app; sourceTree = BUILT_PRODUCTS_DIR; };
		698676FA14869F1A00B1B6AF /* Cocoa.framework */ = {isa = PBXFileReference; lastKnownFileType = wrapper.framework; name = Cocoa.framework; path = System/Library/Frameworks/Cocoa.framework; sourceTree = SDKROOT; };
		698676FC14869F1A00B1B6AF /* MacRuby.framework */ = {isa = PBXFileReference; lastKnownFileType = wrapper.framework; name = MacRuby.framework; path = Library/Frameworks/MacRuby.framework; sourceTree = DEVELOPER_DIR; };
		6986770114869F1A00B1B6AF /* maid-Info.plist */ = {isa = PBXFileReference; lastKnownFileType = text.plist.xml; path = "maid-Info.plist"; sourceTree = "<group>"; };
		6986770314869F1A00B1B6AF /* en */ = {isa = PBXFileReference; lastKnownFileType = text.plist.strings; name = en; path = en.lproj/InfoPlist.strings; sourceTree = "<group>"; };
		6986770514869F1A00B1B6AF /* main.m */ = {isa = PBXFileReference; lastKnownFileType = sourcecode.c.objc; path = main.m; sourceTree = "<group>"; };
		6986770714869F1A00B1B6AF /* maid-Prefix.pch */ = {isa = PBXFileReference; lastKnownFileType = sourcecode.c.h; path = "maid-Prefix.pch"; sourceTree = "<group>"; };
		6986770A14869F1A00B1B6AF /* en */ = {isa = PBXFileReference; lastKnownFileType = file.xib; name = en; path = en.lproj/MainMenu.xib; sourceTree = "<group>"; };
		6986770D14869F1A00B1B6AF /* rb_main.rb */ = {isa = PBXFileReference; lastKnownFileType = text.script.ruby; path = rb_main.rb; sourceTree = "<group>"; };
		6986770F14869F1A00B1B6AF /* AppDelegate.rb */ = {isa = PBXFileReference; lastKnownFileType = text.script.ruby; path = AppDelegate.rb; sourceTree = "<group>"; };
		6986771914869F9B00B1B6AF /* WindowController.rb */ = {isa = PBXFileReference; fileEncoding = 4; lastKnownFileType = text.script.ruby; path = WindowController.rb; sourceTree = "<group>"; };
/* End PBXFileReference section */

/* Begin PBXFrameworksBuildPhase section */
		698676F314869F1A00B1B6AF /* Frameworks */ = {
			isa = PBXFrameworksBuildPhase;
			buildActionMask = 2147483647;
			files = (
				698676FB14869F1A00B1B6AF /* Cocoa.framework in Frameworks */,
				698676FD14869F1A00B1B6AF /* MacRuby.framework in Frameworks */,
			);
			runOnlyForDeploymentPostprocessing = 0;
		};
/* End PBXFrameworksBuildPhase section */

/* Begin PBXGroup section */
		698676EB14869F1A00B1B6AF = {
			isa = PBXGroup;
			children = (
				698676FF14869F1A00B1B6AF /* maid */,
				698676F914869F1A00B1B6AF /* Frameworks */,
				698676F714869F1A00B1B6AF /* Products */,
			);
			sourceTree = "<group>";
		};
		698676F714869F1A00B1B6AF /* Products */ = {
			isa = PBXGroup;
			children = (
				698676F614869F1A00B1B6AF /* maid.app */,
			);
			name = Products;
			sourceTree = "<group>";
		};
		698676F914869F1A00B1B6AF /* Frameworks */ = {
			isa = PBXGroup;
			children = (
				698676FA14869F1A00B1B6AF /* Cocoa.framework */,
				698676FC14869F1A00B1B6AF /* MacRuby.framework */,
			);
			name = Frameworks;
			sourceTree = "<group>";
		};
		698676FF14869F1A00B1B6AF /* maid */ = {
			isa = PBXGroup;
			children = (
				6986770F14869F1A00B1B6AF /* AppDelegate.rb */,
				6986770814869F1A00B1B6AF /* Resources */,
				6986770C14869F1A00B1B6AF /* Other Sources */,
				6986770014869F1A00B1B6AF /* Supporting Files */,
			);
			path = maid;
			sourceTree = "<group>";
		};
		6986770014869F1A00B1B6AF /* Supporting Files */ = {
			isa = PBXGroup;
			children = (
				6986770114869F1A00B1B6AF /* maid-Info.plist */,
				6986770214869F1A00B1B6AF /* InfoPlist.strings */,
				6986770514869F1A00B1B6AF /* main.m */,
				6986770714869F1A00B1B6AF /* maid-Prefix.pch */,
			);
			name = "Supporting Files";
			sourceTree = "<group>";
		};
		6986770814869F1A00B1B6AF /* Resources */ = {
			isa = PBXGroup;
			children = (
				6986770914869F1A00B1B6AF /* MainMenu.xib */,
			);
			name = Resources;
			sourceTree = "<group>";
		};
		6986770C14869F1A00B1B6AF /* Other Sources */ = {
			isa = PBXGroup;
			children = (
				6986770D14869F1A00B1B6AF /* rb_main.rb */,
				6986771914869F9B00B1B6AF /* WindowController.rb */,
			);
			name = "Other Sources";
			sourceTree = "<group>";
		};
/* End PBXGroup section */

/* Begin PBXLegacyTarget section */
		698676FE14869F1A00B1B6AF /* Deployment */ = {
			isa = PBXLegacyTarget;
			buildArgumentsString = "--compile --embed";
			buildConfigurationList = 6986771614869F1A00B1B6AF /* Build configuration list for PBXLegacyTarget "Deployment" */;
			buildPhases = (
			);
			buildToolPath = /usr/local/bin/macruby_deploy;
			dependencies = (
			);
			name = Deployment;
			passBuildSettingsInEnvironment = 1;
			productName = Deployment;
		};
/* End PBXLegacyTarget section */

/* Begin PBXNativeTarget section */
		698676F514869F1A00B1B6AF /* maid */ = {
			isa = PBXNativeTarget;
			buildConfigurationList = 6986771314869F1A00B1B6AF /* Build configuration list for PBXNativeTarget "maid" */;
			buildPhases = (
				698676F214869F1A00B1B6AF /* Sources */,
				698676F314869F1A00B1B6AF /* Frameworks */,
				698676F414869F1A00B1B6AF /* Resources */,
			);
			buildRules = (
			);
			dependencies = (
			);
			name = maid;
			productName = maid;
			productReference = 698676F614869F1A00B1B6AF /* maid.app */;
			productType = "com.apple.product-type.application";
		};
/* End PBXNativeTarget section */

/* Begin PBXProject section */
		698676ED14869F1A00B1B6AF /* Project object */ = {
			isa = PBXProject;
			attributes = {
				LastUpgradeCheck = 0420;
			};
			buildConfigurationList = 698676F014869F1A00B1B6AF /* Build configuration list for PBXProject "maid" */;
			compatibilityVersion = "Xcode 3.2";
			developmentRegion = English;
			hasScannedForEncodings = 0;
			knownRegions = (
				en,
			);
			mainGroup = 698676EB14869F1A00B1B6AF;
			productRefGroup = 698676F714869F1A00B1B6AF /* Products */;
			projectDirPath = "";
			projectRoot = "";
			targets = (
				698676F514869F1A00B1B6AF /* maid */,
				698676FE14869F1A00B1B6AF /* Deployment */,
			);
		};
/* End PBXProject section */

/* Begin PBXResourcesBuildPhase section */
		698676F414869F1A00B1B6AF /* Resources */ = {
			isa = PBXResourcesBuildPhase;
			buildActionMask = 2147483647;
			files = (
				6986770414869F1A00B1B6AF /* InfoPlist.strings in Resources */,
				6986770B14869F1A00B1B6AF /* MainMenu.xib in Resources */,
				6986770E14869F1A00B1B6AF /* rb_main.rb in Resources */,
				6986771014869F1A00B1B6AF /* AppDelegate.rb in Resources */,
				6986771A14869F9B00B1B6AF /* WindowController.rb in Resources */,
			);
			runOnlyForDeploymentPostprocessing = 0;
		};
/* End PBXResourcesBuildPhase section */

/* Begin PBXSourcesBuildPhase section */
		698676F214869F1A00B1B6AF /* Sources */ = {
			isa = PBXSourcesBuildPhase;
			buildActionMask = 2147483647;
			files = (
				6986770614869F1A00B1B6AF /* main.m in Sources */,
			);
			runOnlyForDeploymentPostprocessing = 0;
		};
/* End PBXSourcesBuildPhase section */

/* Begin PBXVariantGroup section */
		6986770214869F1A00B1B6AF /* InfoPlist.strings */ = {
			isa = PBXVariantGroup;
			children = (
				6986770314869F1A00B1B6AF /* en */,
			);
			name = InfoPlist.strings;
			sourceTree = "<group>";
		};
		6986770914869F1A00B1B6AF /* MainMenu.xib */ = {
			isa = PBXVariantGroup;
			children = (
				6986770A14869F1A00B1B6AF /* en */,
			);
			name = MainMenu.xib;
			sourceTree = "<group>";
		};
/* End PBXVariantGroup section */

/* Begin XCBuildConfiguration section */
		6986771114869F1A00B1B6AF /* Debug */ = {
			isa = XCBuildConfiguration;
			buildSettings = {
				ALWAYS_SEARCH_USER_PATHS = NO;
				ARCHS = "$(ARCHS_STANDARD_64_BIT)";
				COPY_PHASE_STRIP = NO;
				GCC_C_LANGUAGE_STANDARD = gnu99;
				GCC_DYNAMIC_NO_PIC = NO;
				GCC_ENABLE_OBJC_EXCEPTIONS = YES;
				GCC_OPTIMIZATION_LEVEL = 0;
				GCC_PREPROCESSOR_DEFINITIONS = (
					"DEBUG=1",
					"$(inherited)",
				);
				GCC_SYMBOLS_PRIVATE_EXTERN = NO;
				GCC_VERSION = com.apple.compilers.llvm.clang.1_0;
				GCC_WARN_64_TO_32_BIT_CONVERSION = YES;
				GCC_WARN_ABOUT_MISSING_PROTOTYPES = YES;
				GCC_WARN_ABOUT_RETURN_TYPE = YES;
				GCC_WARN_UNUSED_VARIABLE = YES;
				MACOSX_DEPLOYMENT_TARGET = 10.7;
				ONLY_ACTIVE_ARCH = YES;
				SDKROOT = macosx;
			};
			name = Debug;
		};
		6986771214869F1A00B1B6AF /* Release */ = {
			isa = XCBuildConfiguration;
			buildSettings = {
				ALWAYS_SEARCH_USER_PATHS = NO;
				ARCHS = "$(ARCHS_STANDARD_64_BIT)";
				COPY_PHASE_STRIP = YES;
				DEBUG_INFORMATION_FORMAT = "dwarf-with-dsym";
				GCC_C_LANGUAGE_STANDARD = gnu99;
				GCC_ENABLE_OBJC_EXCEPTIONS = YES;
				GCC_VERSION = com.apple.compilers.llvm.clang.1_0;
				GCC_WARN_64_TO_32_BIT_CONVERSION = YES;
				GCC_WARN_ABOUT_MISSING_PROTOTYPES = YES;
				GCC_WARN_ABOUT_RETURN_TYPE = YES;
				GCC_WARN_UNUSED_VARIABLE = YES;
				MACOSX_DEPLOYMENT_TARGET = 10.7;
				SDKROOT = macosx;
			};
			name = Release;
		};
		6986771414869F1A00B1B6AF /* Debug */ = {
			isa = XCBuildConfiguration;
			buildSettings = {
				FRAMEWORK_SEARCH_PATHS = (
					"$(inherited)",
					"\"$(DEVELOPER_FRAMEWORKS_DIR)\"",
				);
				GCC_ENABLE_OBJC_GC = required;
				GCC_PRECOMPILE_PREFIX_HEADER = YES;
				GCC_PREFIX_HEADER = "maid/maid-Prefix.pch";
				INFOPLIST_FILE = "maid/maid-Info.plist";
				PRODUCT_NAME = "$(TARGET_NAME)";
				WRAPPER_EXTENSION = app;
			};
			name = Debug;
		};
		6986771514869F1A00B1B6AF /* Release */ = {
			isa = XCBuildConfiguration;
			buildSettings = {
				FRAMEWORK_SEARCH_PATHS = (
					"$(inherited)",
					"\"$(DEVELOPER_FRAMEWORKS_DIR)\"",
				);
				GCC_ENABLE_OBJC_GC = required;
				GCC_PRECOMPILE_PREFIX_HEADER = YES;
				GCC_PREFIX_HEADER = "maid/maid-Prefix.pch";
				INFOPLIST_FILE = "maid/maid-Info.plist";
				PRODUCT_NAME = "$(TARGET_NAME)";
				WRAPPER_EXTENSION = app;
			};
			name = Release;
		};
		6986771714869F1A00B1B6AF /* Debug */ = {
			isa = XCBuildConfiguration;
			buildSettings = {
			};
			name = Debug;
		};
		6986771814869F1A00B1B6AF /* Release */ = {
			isa = XCBuildConfiguration;
			buildSettings = {
			};
			name = Release;
		};
/* End XCBuildConfiguration section */

/* Begin XCConfigurationList section */
		698676F014869F1A00B1B6AF /* Build configuration list for PBXProject "maid" */ = {
			isa = XCConfigurationList;
			buildConfigurations = (
				6986771114869F1A00B1B6AF /* Debug */,
				6986771214869F1A00B1B6AF /* Release */,
			);
			defaultConfigurationIsVisible = 0;
			defaultConfigurationName = Release;
		};
		6986771314869F1A00B1B6AF /* Build configuration list for PBXNativeTarget "maid" */ = {
			isa = XCConfigurationList;
			buildConfigurations = (
				6986771414869F1A00B1B6AF /* Debug */,
				6986771514869F1A00B1B6AF /* Release */,
			);
			defaultConfigurationIsVisible = 0;
		};
		6986771614869F1A00B1B6AF /* Build configuration list for PBXLegacyTarget "Deployment" */ = {
			isa = XCConfigurationList;
			buildConfigurations = (
				6986771714869F1A00B1B6AF /* Debug */,
				6986771814869F1A00B1B6AF /* Release */,
			);
			defaultConfigurationIsVisible = 0;
		};
/* End XCConfigurationList section */
	};
	rootObject = 698676ED14869F1A00B1B6AF /* Project object */;
}
